
Microsoft Visual Studio Solution File, Format Version 12.00
# Visual Studio Version 16
VisualStudioVersion = 16.0.32929.386
MinimumVisualStudioVersion = 10.0.40219.1
Project("{8BC9CEB8-8B4A-11D0-8D11-00A0C91BC942}") = "Socket-game", "Socket-game\Socket-game.vcxproj", "{27F60CA3-BAC5-445D-A73C-9DF7F9975CD6}"
EndProject
Global
	GlobalSection(SolutionConfigurationPlatforms) = preSolution
		Debug|x64 = Debug|x64
		Debug|x86 = Debug|x86
		Release|x64 = Release|x64
		Release|x86 = Release|x86
	EndGlobalSection
	GlobalSection(ProjectConfigurationPlatforms) = postSolution
		{27F60CA3-BAC5-445D-A73C-9DF7F9975CD6}.Debug|x64.ActiveCfg = Debug|x64
		{27F60CA3-BAC5-445D-A73C-9DF7F9975CD6}.Debug|x64.Build.0 = Debug|x64
		{27F60CA3-BAC5-445D-A73C-9DF7F9975CD6}.Debug|x86.ActiveCfg = Debug|Win32
		{27F60CA3-BAC5-445D-A73C-9DF7F9975CD6}.Debug|x86.Build.0 = Debug|Win32
		{27F60CA3-BAC5-445D-A73C-9DF7F9975CD6}.Release|x64.ActiveCfg = Release|x64
		{27F60CA3-BAC5-445D-A73C-9DF7F9975CD6}.Release|x64.Build.0 = Release|x64
		{27F60CA3-BAC5-445D-A73C-9DF7F9975CD6}.Release|x86.ActiveCfg = Release|Win32
		{27F60CA3-BAC5-445D-A73C-9DF7F9975CD6}.Release|x86.Build.0 = Release|Win32
	EndGlobalSection
	GlobalSection(SolutionProperties) = preSolution
		HideSolutionNode = FALSE
	EndGlobalSection
	GlobalSection(ExtensibilityGlobals) = postSolution
		SolutionGuid = {364DBA70-D041-4E83-9192-6CD18B015804}
	EndGlobalSection
EndGlobal
